// !$*UTF8*$!
{
	archiveVersion = 1;
	classes = {
	};
	objectVersion = 50;
	objects = {

/* Begin PBXBuildFile section */
		BF629BD323E1942400B37558 /* AppDelegate.swift in Sources */ = {isa = PBXBuildFile; fileRef = BF629BD223E1942400B37558 /* AppDelegate.swift */; };
		BF629BD723E1942600B37558 /* Assets.xcassets in Resources */ = {isa = PBXBuildFile; fileRef = BF629BD623E1942600B37558 /* Assets.xcassets */; };
		BF629BDA23E1942600B37558 /* Preview Assets.xcassets in Resources */ = {isa = PBXBuildFile; fileRef = BF629BD923E1942600B37558 /* Preview Assets.xcassets */; };
		BF629BDD23E1942600B37558 /* Main.storyboard in Resources */ = {isa = PBXBuildFile; fileRef = BF629BDB23E1942600B37558 /* Main.storyboard */; };
		BF629BE923E1942600B37558 /* Wuhan_virusTests.swift in Sources */ = {isa = PBXBuildFile; fileRef = BF629BE823E1942600B37558 /* Wuhan_virusTests.swift */; };
		BF629BF423E1942700B37558 /* Wuhan_virusUITests.swift in Sources */ = {isa = PBXBuildFile; fileRef = BF629BF323E1942700B37558 /* Wuhan_virusUITests.swift */; };
/* End PBXBuildFile section */

/* Begin PBXContainerItemProxy section */
		BF629BE523E1942600B37558 /* PBXContainerItemProxy */ = {
			isa = PBXContainerItemProxy;
			containerPortal = BF629BC723E1942400B37558 /* Project object */;
			proxyType = 1;
			remoteGlobalIDString = BF629BCE23E1942400B37558;
			remoteInfo = "Wuhan virus";
		};
		BF629BF023E1942700B37558 /* PBXContainerItemProxy */ = {
			isa = PBXContainerItemProxy;
			containerPortal = BF629BC723E1942400B37558 /* Project object */;
			proxyType = 1;
			remoteGlobalIDString = BF629BCE23E1942400B37558;
			remoteInfo = "Wuhan virus";
		};
/* End PBXContainerItemProxy section */

/* Begin PBXFileReference section */
		BF629BCF23E1942400B37558 /* Wuhan virus.app */ = {isa = PBXFileReference; explicitFileType = wrapper.application; includeInIndex = 0; path = "Wuhan virus.app"; sourceTree = BUILT_PRODUCTS_DIR; };
		BF629BD223E1942400B37558 /* AppDelegate.swift */ = {isa = PBXFileReference; lastKnownFileType = sourcecode.swift; path = AppDelegate.swift; sourceTree = "<group>"; };
		BF629BD623E1942600B37558 /* Assets.xcassets */ = {isa = PBXFileReference; lastKnownFileType = folder.assetcatalog; path = Assets.xcassets; sourceTree = "<group>"; };
		BF629BD923E1942600B37558 /* Preview Assets.xcassets */ = {isa = PBXFileReference; lastKnownFileType = folder.assetcatalog; path = "Preview Assets.xcassets"; sourceTree = "<group>"; };
		BF629BDC23E1942600B37558 /* Base */ = {isa = PBXFileReference; lastKnownFileType = file.storyboard; name = Base; path = Base.lproj/Main.storyboard; sourceTree = "<group>"; };
		BF629BDE23E1942600B37558 /* Info.plist */ = {isa = PBXFileReference; lastKnownFileType = text.plist.xml; path = Info.plist; sourceTree = "<group>"; };
		BF629BDF23E1942600B37558 /* Wuhan_virus.entitlements */ = {isa = PBXFileReference; lastKnownFileType = text.plist.entitlements; path = Wuhan_virus.entitlements; sourceTree = "<group>"; };
		BF629BE423E1942600B37558 /* Wuhan virusTests.xctest */ = {isa = PBXFileReference; explicitFileType = wrapper.cfbundle; includeInIndex = 0; path = "Wuhan virusTests.xctest"; sourceTree = BUILT_PRODUCTS_DIR; };
		BF629BE823E1942600B37558 /* Wuhan_virusTests.swift */ = {isa = PBXFileReference; lastKnownFileType = sourcecode.swift; path = Wuhan_virusTests.swift; sourceTree = "<group>"; };
		BF629BEA23E1942700B37558 /* Info.plist */ = {isa = PBXFileReference; lastKnownFileType = text.plist.xml; path = Info.plist; sourceTree = "<group>"; };
		BF629BEF23E1942700B37558 /* Wuhan virusUITests.xctest */ = {isa = PBXFileReference; explicitFileType = wrapper.cfbundle; includeInIndex = 0; path = "Wuhan virusUITests.xctest"; sourceTree = BUILT_PRODUCTS_DIR; };
		BF629BF323E1942700B37558 /* Wuhan_virusUITests.swift */ = {isa = PBXFileReference; lastKnownFileType = sourcecode.swift; path = Wuhan_virusUITests.swift; sourceTree = "<group>"; };
		BF629BF523E1942700B37558 /* Info.plist */ = {isa = PBXFileReference; lastKnownFileType = text.plist.xml; path = Info.plist; sourceTree = "<group>"; };
/* End PBXFileReference section */

/* Begin PBXFrameworksBuildPhase section */
		BF629BCC23E1942400B37558 /* Frameworks */ = {
			isa = PBXFrameworksBuildPhase;
			buildActionMask = 2147483647;
			files = (
			);
			runOnlyForDeploymentPostprocessing = 0;
		};
		BF629BE123E1942600B37558 /* Frameworks */ = {
			isa = PBXFrameworksBuildPhase;
			buildActionMask = 2147483647;
			files = (
			);
			runOnlyForDeploymentPostprocessing = 0;
		};
		BF629BEC23E1942700B37558 /* Frameworks */ = {
			isa = PBXFrameworksBuildPhase;
			buildActionMask = 2147483647;
			files = (
			);
			runOnlyForDeploymentPostprocessing = 0;
		};
/* End PBXFrameworksBuildPhase section */

/* Begin PBXGroup section */
		BF629BC623E1942400B37558 = {
			isa = PBXGroup;
			children = (
				BF629BD123E1942400B37558 /* Wuhan virus */,
				BF629BE723E1942600B37558 /* Wuhan virusTests */,
				BF629BF223E1942700B37558 /* Wuhan virusUITests */,
				BF629BD023E1942400B37558 /* Products */,
			);
			sourceTree = "<group>";
		};
		BF629BD023E1942400B37558 /* Products */ = {
			isa = PBXGroup;
			children = (
				BF629BCF23E1942400B37558 /* Wuhan virus.app */,
				BF629BE423E1942600B37558 /* Wuhan virusTests.xctest */,
				BF629BEF23E1942700B37558 /* Wuhan virusUITests.xctest */,
			);
			name = Products;
			sourceTree = "<group>";
		};
		BF629BD123E1942400B37558 /* Wuhan virus */ = {
			isa = PBXGroup;
			children = (
				BF629BD223E1942400B37558 /* AppDelegate.swift */,
				BF629BD623E1942600B37558 /* Assets.xcassets */,
				BF629BDB23E1942600B37558 /* Main.storyboard */,
				BF629BDE23E1942600B37558 /* Info.plist */,
				BF629BDF23E1942600B37558 /* Wuhan_virus.entitlements */,
				BF629BD823E1942600B37558 /* Preview Content */,
			);
			path = "Wuhan virus";
			sourceTree = "<group>";
		};
		BF629BD823E1942600B37558 /* Preview Content */ = {
			isa = PBXGroup;
			children = (
				BF629BD923E1942600B37558 /* Preview Assets.xcassets */,
			);
			path = "Preview Content";
			sourceTree = "<group>";
		};
		BF629BE723E1942600B37558 /* Wuhan virusTests */ = {
			isa = PBXGroup;
			children = (
				BF629BE823E1942600B37558 /* Wuhan_virusTests.swift */,
				BF629BEA23E1942700B37558 /* Info.plist */,
			);
			path = "Wuhan virusTests";
			sourceTree = "<group>";
		};
		BF629BF223E1942700B37558 /* Wuhan virusUITests */ = {
			isa = PBXGroup;
			children = (
				BF629BF323E1942700B37558 /* Wuhan_virusUITests.swift */,
				BF629BF523E1942700B37558 /* Info.plist */,
			);
			path = "Wuhan virusUITests";
			sourceTree = "<group>";
		};
/* End PBXGroup section */

/* Begin PBXNativeTarget section */
		BF629BCE23E1942400B37558 /* Wuhan virus */ = {
			isa = PBXNativeTarget;
			buildConfigurationList = BF629BF823E1942700B37558 /* Build configuration list for PBXNativeTarget "Wuhan virus" */;
			buildPhases = (
				BF629BCB23E1942400B37558 /* Sources */,
				BF629BCC23E1942400B37558 /* Frameworks */,
				BF629BCD23E1942400B37558 /* Resources */,
			);
			buildRules = (
			);
			dependencies = (
			);
			name = "Wuhan virus";
			productName = "Wuhan virus";
			productReference = BF629BCF23E1942400B37558 /* Wuhan virus.app */;
			productType = "com.apple.product-type.application";
		};
		BF629BE323E1942600B37558 /* Wuhan virusTests */ = {
			isa = PBXNativeTarget;
			buildConfigurationList = BF629BFB23E1942700B37558 /* Build configuration list for PBXNativeTarget "Wuhan virusTests" */;
			buildPhases = (
				BF629BE023E1942600B37558 /* Sources */,
				BF629BE123E1942600B37558 /* Frameworks */,
				BF629BE223E1942600B37558 /* Resources */,
			);
			buildRules = (
			);
			dependencies = (
				BF629BE623E1942600B37558 /* PBXTargetDependency */,
			);
			name = "Wuhan virusTests";
			productName = "Wuhan virusTests";
			productReference = BF629BE423E1942600B37558 /* Wuhan virusTests.xctest */;
			productType = "com.apple.product-type.bundle.unit-test";
		};
		BF629BEE23E1942700B37558 /* Wuhan virusUITests */ = {
			isa = PBXNativeTarget;
			buildConfigurationList = BF629BFE23E1942700B37558 /* Build configuration list for PBXNativeTarget "Wuhan virusUITests" */;
			buildPhases = (
				BF629BEB23E1942700B37558 /* Sources */,
				BF629BEC23E1942700B37558 /* Frameworks */,
				BF629BED23E1942700B37558 /* Resources */,
			);
			buildRules = (
			);
			dependencies = (
				BF629BF123E1942700B37558 /* PBXTargetDependency */,
			);
			name = "Wuhan virusUITests";
			productName = "Wuhan virusUITests";
			productReference = BF629BEF23E1942700B37558 /* Wuhan virusUITests.xctest */;
			productType = "com.apple.product-type.bundle.ui-testing";
		};
/* End PBXNativeTarget section */

/* Begin PBXProject section */
		BF629BC723E1942400B37558 /* Project object */ = {
			isa = PBXProject;
			attributes = {
				LastSwiftUpdateCheck = 1130;
				LastUpgradeCheck = 1130;
				ORGANIZATIONNAME = ShellBin;
				TargetAttributes = {
					BF629BCE23E1942400B37558 = {
						CreatedOnToolsVersion = 11.3.1;
					};
					BF629BE323E1942600B37558 = {
						CreatedOnToolsVersion = 11.3.1;
						TestTargetID = BF629BCE23E1942400B37558;
					};
					BF629BEE23E1942700B37558 = {
						CreatedOnToolsVersion = 11.3.1;
						TestTargetID = BF629BCE23E1942400B37558;
					};
				};
			};
			buildConfigurationList = BF629BCA23E1942400B37558 /* Build configuration list for PBXProject "Wuhan virus" */;
			compatibilityVersion = "Xcode 9.3";
			developmentRegion = en;
			hasScannedForEncodings = 0;
			knownRegions = (
				en,
				Base,
			);
			mainGroup = BF629BC623E1942400B37558;
			productRefGroup = BF629BD023E1942400B37558 /* Products */;
			projectDirPath = "";
			projectRoot = "";
			targets = (
				BF629BCE23E1942400B37558 /* Wuhan virus */,
				BF629BE323E1942600B37558 /* Wuhan virusTests */,
				BF629BEE23E1942700B37558 /* Wuhan virusUITests */,
			);
		};
/* End PBXProject section */

/* Begin PBXResourcesBuildPhase section */
		BF629BCD23E1942400B37558 /* Resources */ = {
			isa = PBXResourcesBuildPhase;
			buildActionMask = 2147483647;
			files = (
				BF629BDD23E1942600B37558 /* Main.storyboard in Resources */,
				BF629BDA23E1942600B37558 /* Preview Assets.xcassets in Resources */,
				BF629BD723E1942600B37558 /* Assets.xcassets in Resources */,
			);
			runOnlyForDeploymentPostprocessing = 0;
		};
		BF629BE223E1942600B37558 /* Resources */ = {
			isa = PBXResourcesBuildPhase;
			buildActionMask = 2147483647;
			files = (
			);
			runOnlyForDeploymentPostprocessing = 0;
		};
		BF629BED23E1942700B37558 /* Resources */ = {
			isa = PBXResourcesBuildPhase;
			buildActionMask = 2147483647;
			files = (
			);
			runOnlyForDeploymentPostprocessing = 0;
		};
/* End PBXResourcesBuildPhase section */

/* Begin PBXSourcesBuildPhase section */
		BF629BCB23E1942400B37558 /* Sources */ = {
			isa = PBXSourcesBuildPhase;
			buildActionMask = 2147483647;
			files = (
				BF629BD323E1942400B37558 /* AppDelegate.swift in Sources */,
			);
			runOnlyForDeploymentPostprocessing = 0;
		};
		BF629BE023E1942600B37558 /* Sources */ = {
			isa = PBXSourcesBuildPhase;
			buildActionMask = 2147483647;
			files = (
				BF629BE923E1942600B37558 /* Wuhan_virusTests.swift in Sources */,
			);
			runOnlyForDeploymentPostprocessing = 0;
		};
		BF629BEB23E1942700B37558 /* Sources */ = {
			isa = PBXSourcesBuildPhase;
			buildActionMask = 2147483647;
			files = (
				BF629BF423E1942700B37558 /* Wuhan_virusUITests.swift in Sources */,
			);
			runOnlyForDeploymentPostprocessing = 0;
		};
/* End PBXSourcesBuildPhase section */

/* Begin PBXTargetDependency section */
		BF629BE623E1942600B37558 /* PBXTargetDependency */ = {
			isa = PBXTargetDependency;
			target = BF629BCE23E1942400B37558 /* Wuhan virus */;
			targetProxy = BF629BE523E1942600B37558 /* PBXContainerItemProxy */;
		};
		BF629BF123E1942700B37558 /* PBXTargetDependency */ = {
			isa = PBXTargetDependency;
			target = BF629BCE23E1942400B37558 /* Wuhan virus */;
			targetProxy = BF629BF023E1942700B37558 /* PBXContainerItemProxy */;
		};
/* End PBXTargetDependency section */

/* Begin PBXVariantGroup section */
		BF629BDB23E1942600B37558 /* Main.storyboard */ = {
			isa = PBXVariantGroup;
			children = (
				BF629BDC23E1942600B37558 /* Base */,
			);
			name = Main.storyboard;
			sourceTree = "<group>";
		};
/* End PBXVariantGroup section */

/* Begin XCBuildConfiguration section */
		BF629BF623E1942700B37558 /* Debug */ = {
			isa = XCBuildConfiguration;
			buildSettings = {
				ALWAYS_SEARCH_USER_PATHS = NO;
				CLANG_ANALYZER_NONNULL = YES;
				CLANG_ANALYZER_NUMBER_OBJECT_CONVERSION = YES_AGGRESSIVE;
				CLANG_CXX_LANGUAGE_STANDARD = "gnu++14";
				CLANG_CXX_LIBRARY = "libc++";
				CLANG_ENABLE_MODULES = YES;
				CLANG_ENABLE_OBJC_ARC = YES;
				CLANG_ENABLE_OBJC_WEAK = YES;
				CLANG_WARN_BLOCK_CAPTURE_AUTORELEASING = YES;
				CLANG_WARN_BOOL_CONVERSION = YES;
				CLANG_WARN_COMMA = YES;
				CLANG_WARN_CONSTANT_CONVERSION = YES;
				CLANG_WARN_DEPRECATED_OBJC_IMPLEMENTATIONS = YES;
				CLANG_WARN_DIRECT_OBJC_ISA_USAGE = YES_ERROR;
				CLANG_WARN_DOCUMENTATION_COMMENTS = YES;
				CLANG_WARN_EMPTY_BODY = YES;
				CLANG_WARN_ENUM_CONVERSION = YES;
				CLANG_WARN_INFINITE_RECURSION = YES;
				CLANG_WARN_INT_CONVERSION = YES;
				CLANG_WARN_NON_LITERAL_NULL_CONVERSION = YES;
				CLANG_WARN_OBJC_IMPLICIT_RETAIN_SELF = YES;
				CLANG_WARN_OBJC_LITERAL_CONVERSION = YES;
				CLANG_WARN_OBJC_ROOT_CLASS = YES_ERROR;
				CLANG_WARN_RANGE_LOOP_ANALYSIS = YES;
				CLANG_WARN_STRICT_PROTOTYPES = YES;
				CLANG_WARN_SUSPICIOUS_MOVE = YES;
				CLANG_WARN_UNGUARDED_AVAILABILITY = YES_AGGRESSIVE;
				CLANG_WARN_UNREACHABLE_CODE = YES;
				CLANG_WARN__DUPLICATE_METHOD_MATCH = YES;
				COPY_PHASE_STRIP = NO;
				DEBUG_INFORMATION_FORMAT = dwarf;
				ENABLE_STRICT_OBJC_MSGSEND = YES;
				ENABLE_TESTABILITY = YES;
				GCC_C_LANGUAGE_STANDARD = gnu11;
				GCC_DYNAMIC_NO_PIC = NO;
				GCC_NO_COMMON_BLOCKS = YES;
				GCC_OPTIMIZATION_LEVEL = 0;
				GCC_PREPROCESSOR_DEFINITIONS = (
					"DEBUG=1",
					"$(inherited)",
				);
				GCC_WARN_64_TO_32_BIT_CONVERSION = YES;
				GCC_WARN_ABOUT_RETURN_TYPE = YES_ERROR;
				GCC_WARN_UNDECLARED_SELECTOR = YES;
				GCC_WARN_UNINITIALIZED_AUTOS = YES_AGGRESSIVE;
				GCC_WARN_UNUSED_FUNCTION = YES;
				GCC_WARN_UNUSED_VARIABLE = YES;
				MACOSX_DEPLOYMENT_TARGET = 10.15;
				MTL_ENABLE_DEBUG_INFO = INCLUDE_SOURCE;
				MTL_FAST_MATH = YES;
				ONLY_ACTIVE_ARCH = YES;
				SDKROOT = macosx;
				SWIFT_ACTIVE_COMPILATION_CONDITIONS = DEBUG;
				SWIFT_OPTIMIZATION_LEVEL = "-Onone";
			};
			name = Debug;
		};
		BF629BF723E1942700B37558 /* Release */ = {
			isa = XCBuildConfiguration;
			buildSettings = {
				ALWAYS_SEARCH_USER_PATHS = NO;
				CLANG_ANALYZER_NONNULL = YES;
				CLANG_ANALYZER_NUMBER_OBJECT_CONVERSION = YES_AGGRESSIVE;
				CLANG_CXX_LANGUAGE_STANDARD = "gnu++14";
				CLANG_CXX_LIBRARY = "libc++";
				CLANG_ENABLE_MODULES = YES;
				CLANG_ENABLE_OBJC_ARC = YES;
				CLANG_ENABLE_OBJC_WEAK = YES;
				CLANG_WARN_BLOCK_CAPTURE_AUTORELEASING = YES;
				CLANG_WARN_BOOL_CONVERSION = YES;
				CLANG_WARN_COMMA = YES;
				CLANG_WARN_CONSTANT_CONVERSION = YES;
				CLANG_WARN_DEPRECATED_OBJC_IMPLEMENTATIONS = YES;
				CLANG_WARN_DIRECT_OBJC_ISA_USAGE = YES_ERROR;
				CLANG_WARN_DOCUMENTATION_COMMENTS = YES;
				CLANG_WARN_EMPTY_BODY = YES;
				CLANG_WARN_ENUM_CONVERSION = YES;
				CLANG_WARN_INFINITE_RECURSION = YES;
				CLANG_WARN_INT_CONVERSION = YES;
				CLANG_WARN_NON_LITERAL_NULL_CONVERSION = YES;
				CLANG_WARN_OBJC_IMPLICIT_RETAIN_SELF = YES;
				CLANG_WARN_OBJC_LITERAL_CONVERSION = YES;
				CLANG_WARN_OBJC_ROOT_CLASS = YES_ERROR;
				CLANG_WARN_RANGE_LOOP_ANALYSIS = YES;
				CLANG_WARN_STRICT_PROTOTYPES = YES;
				CLANG_WARN_SUSPICIOUS_MOVE = YES;
				CLANG_WARN_UNGUARDED_AVAILABILITY = YES_AGGRESSIVE;
				CLANG_WARN_UNREACHABLE_CODE = YES;
				CLANG_WARN__DUPLICATE_METHOD_MATCH = YES;
				COPY_PHASE_STRIP = NO;
				DEBUG_INFORMATION_FORMAT = "dwarf-with-dsym";
				ENABLE_NS_ASSERTIONS = NO;
				ENABLE_STRICT_OBJC_MSGSEND = YES;
				GCC_C_LANGUAGE_STANDARD = gnu11;
				GCC_NO_COMMON_BLOCKS = YES;
				GCC_WARN_64_TO_32_BIT_CONVERSION = YES;
				GCC_WARN_ABOUT_RETURN_TYPE = YES_ERROR;
				GCC_WARN_UNDECLARED_SELECTOR = YES;
				GCC_WARN_UNINITIALIZED_AUTOS = YES_AGGRESSIVE;
				GCC_WARN_UNUSED_FUNCTION = YES;
				GCC_WARN_UNUSED_VARIABLE = YES;
				MACOSX_DEPLOYMENT_TARGET = 10.15;
				MTL_ENABLE_DEBUG_INFO = NO;
				MTL_FAST_MATH = YES;
				SDKROOT = macosx;
				SWIFT_COMPILATION_MODE = wholemodule;
				SWIFT_OPTIMIZATION_LEVEL = "-O";
			};
			name = Release;
		};
		BF629BF923E1942700B37558 /* Debug */ = {
			isa = XCBuildConfiguration;
			buildSettings = {
				ASSETCATALOG_COMPILER_APPICON_NAME = AppIcon;
				CODE_SIGN_ENTITLEMENTS = "Wuhan virus/Wuhan_virus.entitlements";
				CODE_SIGN_STYLE = Automatic;
				COMBINE_HIDPI_IMAGES = YES;
				DEVELOPMENT_ASSET_PATHS = "\"Wuhan virus/Preview Content\"";
				ENABLE_PREVIEWS = YES;
				INFOPLIST_FILE = "Wuhan virus/Info.plist";
				LD_RUNPATH_SEARCH_PATHS = (
					"$(inherited)",
					"@executable_path/../Frameworks",
				);
				MACOSX_DEPLOYMENT_TARGET = 10.15;
				PRODUCT_BUNDLE_IDENTIFIER = "me.shellbin.Wuhan-virus";
				PRODUCT_NAME = "$(TARGET_NAME)";
				SWIFT_VERSION = 5.0;
			};
			name = Debug;
		};
		BF629BFA23E1942700B37558 /* Release */ = {
			isa = XCBuildConfiguration;
			buildSettings = {
				ASSETCATALOG_COMPILER_APPICON_NAME = AppIcon;
				CODE_SIGN_ENTITLEMENTS = "Wuhan virus/Wuhan_virus.entitlements";
				CODE_SIGN_STYLE = Automatic;
				COMBINE_HIDPI_IMAGES = YES;
				DEVELOPMENT_ASSET_PATHS = "\"Wuhan virus/Preview Content\"";
				ENABLE_PREVIEWS = YES;
				INFOPLIST_FILE = "Wuhan virus/Info.plist";
				LD_RUNPATH_SEARCH_PATHS = (
					"$(inherited)",
					"@executable_path/../Frameworks",
				);
				MACOSX_DEPLOYMENT_TARGET = 10.15;
				PRODUCT_BUNDLE_IDENTIFIER = "me.shellbin.Wuhan-virus";
				PRODUCT_NAME = "$(TARGET_NAME)";
				SWIFT_VERSION = 5.0;
			};
			name = Release;
		};
		BF629BFC23E1942700B37558 /* Debug */ = {
			isa = XCBuildConfiguration;
			buildSettings = {
				ALWAYS_EMBED_SWIFT_STANDARD_LIBRARIES = YES;
				BUNDLE_LOADER = "$(TEST_HOST)";
				CODE_SIGN_STYLE = Automatic;
				COMBINE_HIDPI_IMAGES = YES;
				INFOPLIST_FILE = "Wuhan virusTests/Info.plist";
				LD_RUNPATH_SEARCH_PATHS = (
					"$(inherited)",
					"@executable_path/../Frameworks",
					"@loader_path/../Frameworks",
				);
				MACOSX_DEPLOYMENT_TARGET = 10.15;
				PRODUCT_BUNDLE_IDENTIFIER = "me.shellbin.Wuhan-virusTests";
				PRODUCT_NAME = "$(TARGET_NAME)";
				SWIFT_VERSION = 5.0;
				TEST_HOST = "$(BUILT_PRODUCTS_DIR)/Wuhan virus.app/Contents/MacOS/Wuhan virus";
			};
			name = Debug;
		};
		BF629BFD23E1942700B37558 /* Release */ = {
			isa = XCBuildConfiguration;
			buildSettings = {
				ALWAYS_EMBED_SWIFT_STANDARD_LIBRARIES = YES;
				BUNDLE_LOADER = "$(TEST_HOST)";
				CODE_SIGN_STYLE = Automatic;
				COMBINE_HIDPI_IMAGES = YES;
				INFOPLIST_FILE = "Wuhan virusTests/Info.plist";
				LD_RUNPATH_SEARCH_PATHS = (
					"$(inherited)",
					"@executable_path/../Frameworks",
					"@loader_path/../Frameworks",
				);
				MACOSX_DEPLOYMENT_TARGET = 10.15;
				PRODUCT_BUNDLE_IDENTIFIER = "me.shellbin.Wuhan-virusTests";
				PRODUCT_NAME = "$(TARGET_NAME)";
				SWIFT_VERSION = 5.0;
				TEST_HOST = "$(BUILT_PRODUCTS_DIR)/Wuhan virus.app/Contents/MacOS/Wuhan virus";
			};
			name = Release;
		};
		BF629BFF23E1942700B37558 /* Debug */ = {
			isa = XCBuildConfiguration;
			buildSettings = {
				ALWAYS_EMBED_SWIFT_STANDARD_LIBRARIES = YES;
				CODE_SIGN_STYLE = Automatic;
				COMBINE_HIDPI_IMAGES = YES;
				INFOPLIST_FILE = "Wuhan virusUITests/Info.plist";
				LD_RUNPATH_SEARCH_PATHS = (
					"$(inherited)",
					"@executable_path/../Frameworks",
					"@loader_path/../Frameworks",
				);
				PRODUCT_BUNDLE_IDENTIFIER = "me.shellbin.Wuhan-virusUITests";
				PRODUCT_NAME = "$(TARGET_NAME)";
				SWIFT_VERSION = 5.0;
				TEST_TARGET_NAME = "Wuhan virus";
			};
			name = Debug;
		};
		BF629C0023E1942700B37558 /* Release */ = {
			isa = XCBuildConfiguration;
			buildSettings = {
				ALWAYS_EMBED_SWIFT_STANDARD_LIBRARIES = YES;
				CODE_SIGN_STYLE = Automatic;
				COMBINE_HIDPI_IMAGES = YES;
				INFOPLIST_FILE = "Wuhan virusUITests/Info.plist";
				LD_RUNPATH_SEARCH_PATHS = (
					"$(inherited)",
					"@executable_path/../Frameworks",
					"@loader_path/../Frameworks",
				);
				PRODUCT_BUNDLE_IDENTIFIER = "me.shellbin.Wuhan-virusUITests";
				PRODUCT_NAME = "$(TARGET_NAME)";
				SWIFT_VERSION = 5.0;
				TEST_TARGET_NAME = "Wuhan virus";
			};
			name = Release;
		};
/* End XCBuildConfiguration section */

/* Begin XCConfigurationList section */
		BF629BCA23E1942400B37558 /* Build configuration list for PBXProject "Wuhan virus" */ = {
			isa = XCConfigurationList;
			buildConfigurations = (
				BF629BF623E1942700B37558 /* Debug */,
				BF629BF723E1942700B37558 /* Release */,
			);
			defaultConfigurationIsVisible = 0;
			defaultConfigurationName = Release;
		};
		BF629BF823E1942700B37558 /* Build configuration list for PBXNativeTarget "Wuhan virus" */ = {
			isa = XCConfigurationList;
			buildConfigurations = (
				BF629BF923E1942700B37558 /* Debug */,
				BF629BFA23E1942700B37558 /* Release */,
			);
			defaultConfigurationIsVisible = 0;
			defaultConfigurationName = Release;
		};
		BF629BFB23E1942700B37558 /* Build configuration list for PBXNativeTarget "Wuhan virusTests" */ = {
			isa = XCConfigurationList;
			buildConfigurations = (
				BF629BFC23E1942700B37558 /* Debug */,
				BF629BFD23E1942700B37558 /* Release */,
			);
			defaultConfigurationIsVisible = 0;
			defaultConfigurationName = Release;
		};
		BF629BFE23E1942700B37558 /* Build configuration list for PBXNativeTarget "Wuhan virusUITests" */ = {
			isa = XCConfigurationList;
			buildConfigurations = (
				BF629BFF23E1942700B37558 /* Debug */,
				BF629C0023E1942700B37558 /* Release */,
			);
			defaultConfigurationIsVisible = 0;
			defaultConfigurationName = Release;
		};
/* End XCConfigurationList section */
	};
	rootObject = BF629BC723E1942400B37558 /* Project object */;
}
